
Microsoft Visual Studio Solution File, Format Version 12.00
# Visual Studio Version 16
VisualStudioVersion = 16.0.30320.27
MinimumVisualStudioVersion = 10.0.40219.1
Project("{9A19103F-16F7-4668-BE54-9A1E7A4F7556}") = "Domain", "BlueDreamv2\Domain.csproj", "{3BD074D2-41A9-4AF5-92BD-0D98FCE9A5D6}"
EndProject
Global
	GlobalSection(SolutionConfigurationPlatforms) = preSolution
		Debug|Any CPU = Debug|Any CPU
		Release|Any CPU = Release|Any CPU
	EndGlobalSection
	GlobalSection(ProjectConfigurationPlatforms) = postSolution
		{3BD074D2-41A9-4AF5-92BD-0D98FCE9A5D6}.Debug|Any CPU.ActiveCfg = Debug|Any CPU
		{3BD074D2-41A9-4AF5-92BD-0D98FCE9A5D6}.Debug|Any CPU.Build.0 = Debug|Any CPU
		{3BD074D2-41A9-4AF5-92BD-0D98FCE9A5D6}.Release|Any CPU.ActiveCfg = Release|Any CPU
		{3BD074D2-41A9-4AF5-92BD-0D98FCE9A5D6}.Release|Any CPU.Build.0 = Release|Any CPU
	EndGlobalSection
	GlobalSection(SolutionProperties) = preSolution
		HideSolutionNode = FALSE
	EndGlobalSection
	GlobalSection(ExtensibilityGlobals) = postSolution
		SolutionGuid = {05F1900A-5A8F-45A5-BE35-790F11ADC465}
	EndGlobalSection
EndGlobal
